
Microsoft Visual Studio Solution File, Format Version 12.00
# Visual Studio Version 16
VisualStudioVersion = 16.0.29215.179
MinimumVisualStudioVersion = 10.0.40219.1
Project("{FAE04EC0-301F-11D3-BF4B-00C04F79EFBC}") = "All_Sort_method", "Merge_Sort_C_sharp\All_Sort_method.csproj", "{C72EA49C-8DE9-4736-B4A2-D718B7E32698}"
EndProject
Global
	GlobalSection(SolutionConfigurationPlatforms) = preSolution
		Debug|Any CPU = Debug|Any CPU
		Release|Any CPU = Release|Any CPU
	EndGlobalSection
	GlobalSection(ProjectConfigurationPlatforms) = postSolution
		{C72EA49C-8DE9-4736-B4A2-D718B7E32698}.Debug|Any CPU.ActiveCfg = Debug|Any CPU
		{C72EA49C-8DE9-4736-B4A2-D718B7E32698}.Debug|Any CPU.Build.0 = Debug|Any CPU
		{C72EA49C-8DE9-4736-B4A2-D718B7E32698}.Release|Any CPU.ActiveCfg = Release|Any CPU
		{C72EA49C-8DE9-4736-B4A2-D718B7E32698}.Release|Any CPU.Build.0 = Release|Any CPU
	EndGlobalSection
	GlobalSection(SolutionProperties) = preSolution
		HideSolutionNode = FALSE
	EndGlobalSection
	GlobalSection(ExtensibilityGlobals) = postSolution
		SolutionGuid = {704F61C6-25F4-4A19-AF7B-CE76ED896BB9}
	EndGlobalSection
EndGlobal
