
Microsoft Visual Studio Solution File, Format Version 12.00
# Visual Studio Version 16
VisualStudioVersion = 16.0.29215.179
MinimumVisualStudioVersion = 10.0.40219.1
Project("{FAE04EC0-301F-11D3-BF4B-00C04F79EFBC}") = "HeshTables", "HeshTables\HeshTables.csproj", "{489C921F-7DF5-490F-B11E-5FA7FABCD499}"
EndProject
Global
	GlobalSection(SolutionConfigurationPlatforms) = preSolution
		Debug|Any CPU = Debug|Any CPU
		Release|Any CPU = Release|Any CPU
	EndGlobalSection
	GlobalSection(ProjectConfigurationPlatforms) = postSolution
		{489C921F-7DF5-490F-B11E-5FA7FABCD499}.Debug|Any CPU.ActiveCfg = Debug|Any CPU
		{489C921F-7DF5-490F-B11E-5FA7FABCD499}.Debug|Any CPU.Build.0 = Debug|Any CPU
		{489C921F-7DF5-490F-B11E-5FA7FABCD499}.Release|Any CPU.ActiveCfg = Release|Any CPU
		{489C921F-7DF5-490F-B11E-5FA7FABCD499}.Release|Any CPU.Build.0 = Release|Any CPU
	EndGlobalSection
	GlobalSection(SolutionProperties) = preSolution
		HideSolutionNode = FALSE
	EndGlobalSection
	GlobalSection(ExtensibilityGlobals) = postSolution
		SolutionGuid = {3BAB0D0D-42B9-45BE-82CA-8E3460070765}
	EndGlobalSection
EndGlobal
